
Microsoft Visual Studio Solution File, Format Version 12.00
# Visual Studio 14
VisualStudioVersion = 14.0.25420.1
MinimumVisualStudioVersion = 10.0.40219.1
Project("{FAE04EC0-301F-11D3-BF4B-00C04F79EFBC}") = "NDEngenharia", "NDEngenharia\NDEngenharia.csproj", "{81B96FA6-468A-4CD5-8365-6392041BAFCD}"
EndProject
Project("{FAE04EC0-301F-11D3-BF4B-00C04F79EFBC}") = "NDEngenharia.Tests", "NDEngenharia.Tests\NDEngenharia.Tests.csproj", "{D6755B35-BBA1-420A-B1AB-871D77BF0743}"
EndProject
Project("{FAE04EC0-301F-11D3-BF4B-00C04F79EFBC}") = "NDEngenharia.Core", "NDEngenharia.Core\NDEngenharia.Core.csproj", "{6852B2D0-A6F3-4569-AFA6-073B1CB03F7E}"
EndProject
Project("{FAE04EC0-301F-11D3-BF4B-00C04F79EFBC}") = "NDEngenharia.Infra", "NDEngenharia.Infra\NDEngenharia.Infra.csproj", "{92A885E6-7C25-445F-BFBE-82FBB90D6D4F}"
EndProject
Global
	GlobalSection(SolutionConfigurationPlatforms) = preSolution
		Debug|Any CPU = Debug|Any CPU
		Release|Any CPU = Release|Any CPU
	EndGlobalSection
	GlobalSection(ProjectConfigurationPlatforms) = postSolution
		{81B96FA6-468A-4CD5-8365-6392041BAFCD}.Debug|Any CPU.ActiveCfg = Debug|Any CPU
		{81B96FA6-468A-4CD5-8365-6392041BAFCD}.Debug|Any CPU.Build.0 = Debug|Any CPU
		{81B96FA6-468A-4CD5-8365-6392041BAFCD}.Release|Any CPU.ActiveCfg = Release|Any CPU
		{81B96FA6-468A-4CD5-8365-6392041BAFCD}.Release|Any CPU.Build.0 = Release|Any CPU
		{D6755B35-BBA1-420A-B1AB-871D77BF0743}.Debug|Any CPU.ActiveCfg = Debug|Any CPU
		{D6755B35-BBA1-420A-B1AB-871D77BF0743}.Debug|Any CPU.Build.0 = Debug|Any CPU
		{D6755B35-BBA1-420A-B1AB-871D77BF0743}.Release|Any CPU.ActiveCfg = Release|Any CPU
		{D6755B35-BBA1-420A-B1AB-871D77BF0743}.Release|Any CPU.Build.0 = Release|Any CPU
		{6852B2D0-A6F3-4569-AFA6-073B1CB03F7E}.Debug|Any CPU.ActiveCfg = Debug|Any CPU
		{6852B2D0-A6F3-4569-AFA6-073B1CB03F7E}.Debug|Any CPU.Build.0 = Debug|Any CPU
		{6852B2D0-A6F3-4569-AFA6-073B1CB03F7E}.Release|Any CPU.ActiveCfg = Release|Any CPU
		{6852B2D0-A6F3-4569-AFA6-073B1CB03F7E}.Release|Any CPU.Build.0 = Release|Any CPU
		{92A885E6-7C25-445F-BFBE-82FBB90D6D4F}.Debug|Any CPU.ActiveCfg = Debug|Any CPU
		{92A885E6-7C25-445F-BFBE-82FBB90D6D4F}.Debug|Any CPU.Build.0 = Debug|Any CPU
		{92A885E6-7C25-445F-BFBE-82FBB90D6D4F}.Release|Any CPU.ActiveCfg = Release|Any CPU
		{92A885E6-7C25-445F-BFBE-82FBB90D6D4F}.Release|Any CPU.Build.0 = Release|Any CPU
	EndGlobalSection
	GlobalSection(SolutionProperties) = preSolution
		HideSolutionNode = FALSE
	EndGlobalSection
EndGlobal
